
Microsoft Visual Studio Solution File, Format Version 12.00
# Visual Studio 2012
Project("{FAE04EC0-301F-11D3-BF4B-00C04F79EFBC}") = "UEditor", "UEditor\UEditor.csproj", "{2F17BB45-47FE-474F-B20F-3C7CA8B62A9C}"
EndProject
Project("{FAE04EC0-301F-11D3-BF4B-00C04F79EFBC}") = "UEditor.Demo", "UEditor.Demo\UEditor.Demo.csproj", "{3AFE8662-14FE-4682-BF35-3E5601E94471}"
EndProject
Global
	GlobalSection(SolutionConfigurationPlatforms) = preSolution
		Debug|Any CPU = Debug|Any CPU
		Release|Any CPU = Release|Any CPU
	EndGlobalSection
	GlobalSection(ProjectConfigurationPlatforms) = postSolution
		{2F17BB45-47FE-474F-B20F-3C7CA8B62A9C}.Debug|Any CPU.ActiveCfg = Debug|Any CPU
		{2F17BB45-47FE-474F-B20F-3C7CA8B62A9C}.Debug|Any CPU.Build.0 = Debug|Any CPU
		{2F17BB45-47FE-474F-B20F-3C7CA8B62A9C}.Release|Any CPU.ActiveCfg = Release|Any CPU
		{2F17BB45-47FE-474F-B20F-3C7CA8B62A9C}.Release|Any CPU.Build.0 = Release|Any CPU
		{3AFE8662-14FE-4682-BF35-3E5601E94471}.Debug|Any CPU.ActiveCfg = Debug|Any CPU
		{3AFE8662-14FE-4682-BF35-3E5601E94471}.Debug|Any CPU.Build.0 = Debug|Any CPU
		{3AFE8662-14FE-4682-BF35-3E5601E94471}.Release|Any CPU.ActiveCfg = Release|Any CPU
		{3AFE8662-14FE-4682-BF35-3E5601E94471}.Release|Any CPU.Build.0 = Release|Any CPU
	EndGlobalSection
	GlobalSection(SolutionProperties) = preSolution
		HideSolutionNode = FALSE
	EndGlobalSection
EndGlobal
