
Microsoft Visual Studio Solution File, Format Version 12.00
# Visual Studio 15
VisualStudioVersion = 15.0.26730.12
MinimumVisualStudioVersion = 10.0.40219.1
Project("{FAE04EC0-301F-11D3-BF4B-00C04F79EFBC}") = "RocketMQ_Test", "RocketMQ_Test\RocketMQ_Test.csproj", "{50686FCE-7791-4BFF-BB1C-D269F3492AB3}"
EndProject
Global
	GlobalSection(SolutionConfigurationPlatforms) = preSolution
		Debug|Any CPU = Debug|Any CPU
		Release|Any CPU = Release|Any CPU
	EndGlobalSection
	GlobalSection(ProjectConfigurationPlatforms) = postSolution
		{50686FCE-7791-4BFF-BB1C-D269F3492AB3}.Debug|Any CPU.ActiveCfg = Debug|Any CPU
		{50686FCE-7791-4BFF-BB1C-D269F3492AB3}.Debug|Any CPU.Build.0 = Debug|Any CPU
		{50686FCE-7791-4BFF-BB1C-D269F3492AB3}.Release|Any CPU.ActiveCfg = Release|Any CPU
		{50686FCE-7791-4BFF-BB1C-D269F3492AB3}.Release|Any CPU.Build.0 = Release|Any CPU
	EndGlobalSection
	GlobalSection(SolutionProperties) = preSolution
		HideSolutionNode = FALSE
	EndGlobalSection
	GlobalSection(ExtensibilityGlobals) = postSolution
		SolutionGuid = {F5E695A2-91B3-438A-83C1-89A1D85659FE}
	EndGlobalSection
EndGlobal
